
Microsoft Visual Studio Solution File, Format Version 12.00
# Visual Studio Version 17
VisualStudioVersion = 17.6.33829.357
MinimumVisualStudioVersion = 10.0.40219.1
Project("{FAE04EC0-301F-11D3-BF4B-00C04F79EFBC}") = "ATMConsoleApp", "ATMConsoleApp\ATMConsoleApp.csproj", "{A4687CC1-D5D3-43B9-A7EE-66FD000C6643}"
EndProject
Global
	GlobalSection(SolutionConfigurationPlatforms) = preSolution
		Debug|Any CPU = Debug|Any CPU
		Release|Any CPU = Release|Any CPU
	EndGlobalSection
	GlobalSection(ProjectConfigurationPlatforms) = postSolution
		{A4687CC1-D5D3-43B9-A7EE-66FD000C6643}.Debug|Any CPU.ActiveCfg = Debug|Any CPU
		{A4687CC1-D5D3-43B9-A7EE-66FD000C6643}.Debug|Any CPU.Build.0 = Debug|Any CPU
		{A4687CC1-D5D3-43B9-A7EE-66FD000C6643}.Release|Any CPU.ActiveCfg = Release|Any CPU
		{A4687CC1-D5D3-43B9-A7EE-66FD000C6643}.Release|Any CPU.Build.0 = Release|Any CPU
	EndGlobalSection
	GlobalSection(SolutionProperties) = preSolution
		HideSolutionNode = FALSE
	EndGlobalSection
	GlobalSection(ExtensibilityGlobals) = postSolution
		SolutionGuid = {13D4997A-25CF-43D3-B0CA-9E41A0086429}
	EndGlobalSection
EndGlobal
